schema: '2.0'
stages:
  load_data:
    cmd: python -m src.data_loading.load_data
    deps:
    - path: src/data_loading/load_data.py
      hash: md5
      md5: f790ff394bbfeec7317e5e6b2c35c6c4
      size: 1460
    outs:
    - path: data/raw/raw.csv
      hash: md5
      md5: 790d4d5783552b5949fb17739fc01c31
      size: 116187
  preprocess_data:
    cmd: python -m src.data_preprocessing.preprocess_data
    deps:
    - path: data/raw/raw.csv
      hash: md5
      md5: 790d4d5783552b5949fb17739fc01c31
      size: 116187
    - path: src/data_preprocessing/preprocess_data.py
      hash: md5
      md5: 727f22f9650a9dfb2b1a217912d46034
      size: 3993
    params:
      params.yaml:
        preprocess_data.random_seed: 42
        preprocess_data.test_size: 0.2
    outs:
    - path: artifacts/[features]_mean_imputer.joblib
      hash: md5
      md5: eee0e3ba23a2abeaa8e097d8a200f404
      size: 1511
    - path: data/preprocessed/test_preprocessed.csv
      hash: md5
      md5: be64f7146cbb5b6af57d3fe60706316b
      size: 26878
    - path: data/preprocessed/train_preprocessed.csv
      hash: md5
      md5: 345bccb6f265a418e10d3f4f2828a18d
      size: 105797
  engineer_features:
    cmd: python -m src.feature_engineering.engineer_features
    deps:
    - path: data/preprocessed/test_preprocessed.csv
      hash: md5
      md5: be64f7146cbb5b6af57d3fe60706316b
      size: 26878
    - path: data/preprocessed/train_preprocessed.csv
      hash: md5
      md5: 345bccb6f265a418e10d3f4f2828a18d
      size: 105797
    - path: src/feature_engineering/engineer_features.py
      hash: md5
      md5: f8446b81a185b5c5d4b06fd60a3b9b9f
      size: 3052
    outs:
    - path: artifacts/[features]_scaler.joblib
      hash: md5
      md5: e20271fcece1a1a9f7dc0e1ad4c6a697
      size: 2135
    - path: data/processed/test_processed.csv
      hash: md5
      md5: 7bbb838e65bc49694e01e21fafc7442f
      size: 67695
    - path: data/processed/train_processed.csv
      hash: md5
      md5: ba4d5dc48b959ae8ba615969a2103bf2
      size: 268014
  train:
    cmd: python -m src.model_training.train_model
    deps:
    - path: data/processed/train_processed.csv
      hash: md5
      md5: ba4d5dc48b959ae8ba615969a2103bf2
      size: 268014
    - path: src/model_training/train_model.py
      hash: md5
      md5: 16882d4d228f2794f649f09e0a9c36fc
      size: 5302
    params:
      params.yaml:
        train.batch_size: 32
        train.dropout_rate: 0.3
        train.epochs: 100
        train.hidden_layer_1_neurons: 64
        train.hidden_layer_2_neurons: 32
        train.learning_rate: 0.001
    outs:
    - path: artifacts/[target]_one_hot_encoder.joblib
      hash: md5
      md5: 9c68e41a114fdb0985121e8d89f055bc
      size: 617
    - path: metrics/training.json
      hash: md5
      md5: 289dada35f716695452422f97d1be6b5
      size: 139
    - path: models/model.keras
      hash: md5
      md5: b0d47a2a2dc80a39ca9bd55acb555a53
      size: 79417
  evaluate:
    cmd: python -m src.model_evaluation.evaluate_model
    deps:
    - path: artifacts/[target]_one_hot_encoder.joblib
      hash: md5
      md5: 9c68e41a114fdb0985121e8d89f055bc
      size: 617
    - path: data/processed/test_processed.csv
      hash: md5
      md5: 7bbb838e65bc49694e01e21fafc7442f
      size: 67695
    - path: models/model.keras
      hash: md5
      md5: b0d47a2a2dc80a39ca9bd55acb555a53
      size: 79417
    - path: src/model_evaluation/evaluate_model.py
      hash: md5
      md5: 1300021eeca5193c758efb74cfff4814
      size: 2514
    outs:
    - path: metrics/evaluation.json
      hash: md5
      md5: f09c7692673b0d03d008581ba2c911e2
      size: 793
